
Microsoft Visual Studio Solution File, Format Version 12.00
# Visual Studio Version 17
VisualStudioVersion = 17.6.33712.159
MinimumVisualStudioVersion = 10.0.40219.1
Project("{9A19103F-16F7-4668-BE54-9A1E7A4F7556}") = "EmotionDetectionSystem", "EmotionDetectionSystem.csproj", "{DAD94F10-C3BA-4FCF-857F-DA74A7875CCD}"
EndProject
Project("{9A19103F-16F7-4668-BE54-9A1E7A4F7556}") = "EmotionDetectionSystem.Tests", "..\EmotionDetectionSystem.Tests\EmotionDetectionSystem.Tests.csproj", "{EDE254A7-AEDF-4BEF-AA66-AFFCED6B1449}"
EndProject
Project("{FAE04EC0-301F-11D3-BF4B-00C04F79EFBC}") = "EmotionDetectionServer", "..\EmotionDetectionServer\EmotionDetectionServer.csproj", "{588B047A-DEBB-4155-A856-8FC4192182BE}"
	ProjectSection(ProjectDependencies) = postProject
		{DAD94F10-C3BA-4FCF-857F-DA74A7875CCD} = {DAD94F10-C3BA-4FCF-857F-DA74A7875CCD}
	EndProjectSection
EndProject
Global
	GlobalSection(SolutionConfigurationPlatforms) = preSolution
		Debug|Any CPU = Debug|Any CPU
		Release|Any CPU = Release|Any CPU
	EndGlobalSection
	GlobalSection(ProjectConfigurationPlatforms) = postSolution
		{DAD94F10-C3BA-4FCF-857F-DA74A7875CCD}.Debug|Any CPU.ActiveCfg = Debug|Any CPU
		{DAD94F10-C3BA-4FCF-857F-DA74A7875CCD}.Debug|Any CPU.Build.0 = Debug|Any CPU
		{DAD94F10-C3BA-4FCF-857F-DA74A7875CCD}.Release|Any CPU.ActiveCfg = Release|Any CPU
		{DAD94F10-C3BA-4FCF-857F-DA74A7875CCD}.Release|Any CPU.Build.0 = Release|Any CPU
		{EDE254A7-AEDF-4BEF-AA66-AFFCED6B1449}.Debug|Any CPU.ActiveCfg = Debug|Any CPU
		{EDE254A7-AEDF-4BEF-AA66-AFFCED6B1449}.Debug|Any CPU.Build.0 = Debug|Any CPU
		{EDE254A7-AEDF-4BEF-AA66-AFFCED6B1449}.Release|Any CPU.ActiveCfg = Release|Any CPU
		{EDE254A7-AEDF-4BEF-AA66-AFFCED6B1449}.Release|Any CPU.Build.0 = Release|Any CPU
		{588B047A-DEBB-4155-A856-8FC4192182BE}.Debug|Any CPU.ActiveCfg = Debug|Any CPU
		{588B047A-DEBB-4155-A856-8FC4192182BE}.Debug|Any CPU.Build.0 = Debug|Any CPU
		{588B047A-DEBB-4155-A856-8FC4192182BE}.Release|Any CPU.ActiveCfg = Release|Any CPU
		{588B047A-DEBB-4155-A856-8FC4192182BE}.Release|Any CPU.Build.0 = Release|Any CPU
	EndGlobalSection
	GlobalSection(SolutionProperties) = preSolution
		HideSolutionNode = FALSE
	EndGlobalSection
	GlobalSection(ExtensibilityGlobals) = postSolution
		SolutionGuid = {BE6BE401-64FC-4612-8EBF-ABC1D0983DE3}
	EndGlobalSection
EndGlobal
