
Microsoft Visual Studio Solution File, Format Version 12.00
# Visual Studio Version 17
VisualStudioVersion = 17.4.33110.190
MinimumVisualStudioVersion = 10.0.40219.1
Project("{FAE04EC0-301F-11D3-BF4B-00C04F79EFBC}") = "TestEDS", "TestEDS.csproj", "{E127C2C3-3B05-4934-A9AA-555D2855D5F0}"
EndProject
Global
	GlobalSection(SolutionConfigurationPlatforms) = preSolution
		Debug|Any CPU = Debug|Any CPU
		Release|Any CPU = Release|Any CPU
	EndGlobalSection
	GlobalSection(ProjectConfigurationPlatforms) = postSolution
		{E127C2C3-3B05-4934-A9AA-555D2855D5F0}.Debug|Any CPU.ActiveCfg = Debug|Any CPU
		{E127C2C3-3B05-4934-A9AA-555D2855D5F0}.Debug|Any CPU.Build.0 = Debug|Any CPU
		{E127C2C3-3B05-4934-A9AA-555D2855D5F0}.Release|Any CPU.ActiveCfg = Release|Any CPU
		{E127C2C3-3B05-4934-A9AA-555D2855D5F0}.Release|Any CPU.Build.0 = Release|Any CPU
	EndGlobalSection
	GlobalSection(SolutionProperties) = preSolution
		HideSolutionNode = FALSE
	EndGlobalSection
	GlobalSection(ExtensibilityGlobals) = postSolution
		SolutionGuid = {7EB5D470-5402-4D55-85F7-6A2272B4B642}
	EndGlobalSection
EndGlobal
